{
    "_meta": {
        "hash": {
            "sha256": "657e5376f70eef65d55ba782857af12cb532fff95834718c9f2ed25c0f8ca377"
        },
        "pipfile-spec": 6,
        "requires": {
            "python_version": "3.8"
        },
        "sources": [
            {
                "name": "pypi",
                "url": "https://pypi.python.org/simple",
                "verify_ssl": true
            }
        ]
    },
    "default": {
        "attrs": {
            "hashes": [
                "sha256:149e90d6d8ac20db7a955ad60cf0e6881a3f20d37096140088356da6c716b0b1",
                "sha256:ef6aaac3ca6cd92904cdd0d83f629a15f18053ec84e6432106f7a4d04ae4f5fb"
            ],
            "version": "==21.2.0"
        },
        "blis": {
            "hashes": [
                "sha256:00473602629ba69fe6565108e21957e918cb48b59f5bf2f6bfb6e04de42500cb",
                "sha256:03c368c9716ca814c436550a5f1e02ccf74850e613602519e3941d212e5aa177",
                "sha256:135450caabc8aea9bb9250329ebdf7189982d9b57d5c92789b2ba2fe52c247a7",
                "sha256:1402d9cbb0fbc21b749dd5b87d7ee14249e74a0ca38be6ecc56b3b356fca2f21",
                "sha256:26b16d6005bb2671699831b5cc699905215d1abde1ec5c1d04de7dcd9eb29f75",
                "sha256:3347a4b1b7d3ae14476aac9a6f7bf8ebf464863f4ebf4aea228874a7694ea240",
                "sha256:38fe877a4b52e762f5e137a412e3c256545a696a12ae8c40d67b8815d2bb5097",
                "sha256:4fb89c47ee06b58a4410a16fd5794847517262c9d2a342643475b477dfeff0a4",
                "sha256:77a6486b9794af01bcdfd1bc6e067c93add4b93292e6f95bf6e5ce7f98bf0163",
                "sha256:856142a11e37fd2c47c5006a3197e157bb8469a491a73d2d442223dd3279df84",
                "sha256:8aeaf6954351593a1e412f80e398aa51df588d3c0de74b9f3323b694c603381b",
                "sha256:9ede123065f3cacb109967755b3d83d4ca0de90643a9058129a6ab2d4051954f",
                "sha256:d1d59faebc1c94f8f4f77154ef4b9d6d40364b111cf8fde48ee3b524c85f1075",
                "sha256:d69257d317e86f34a7f230a2fd1f021fd2a1b944137f40d8cdbb23bd334cd0c4",
                "sha256:ddd732c5274d1082fa92e2c42317587d5ebabce7741ca98120f69bd45d004b99",
                "sha256:f0b0dad4d6268d9dba0a65a9db12dd7a2d8686b648399e4aa1aec7550697e99e"
            ],
            "index": "pypi",
            "version": "==0.4.1"
        },
        "catalogue": {
            "hashes": [
                "sha256:584d78e7f4c3c6e2fd498eb56dfc8ef1f4ff738480237de2ccd26cbe2cf47172",
                "sha256:d74d1d856c6b36a37bf14aa6dbbc27d0582667b7ab979a6108e61a575e8723f5"
            ],
            "index": "pypi",
            "version": "==1.0.0"
        },
        "certifi": {
            "hashes": [
                "sha256:78884e7c1d4b00ce3cea67b44566851c4343c120abd683433ce934a68ea58872",
                "sha256:d62a0163eb4c2344ac042ab2bdf75399a71a2d8c7d47eac2e2ee91b9d6339569"
            ],
            "version": "==2021.10.8"
        },
        "charset-normalizer": {
            "hashes": [
                "sha256:735e240d9a8506778cd7a453d97e817e536bb1fc29f4f6961ce297b9c7a917b0",
                "sha256:83fcdeb225499d6344c8f7f34684c2981270beacc32ede2e669e94f7fa544405"
            ],
            "markers": "python_version >= '3'",
            "version": "==2.0.8"
        },
        "cymem": {
            "hashes": [
                "sha256:04676d696596b0db3f3c5a3936bab12fb6f24278921a6622bb185e61765b2b4d",
                "sha256:169725b5816959d34de2545b33fee6a8021a6e08818794a426c5a4f981f17e5e",
                "sha256:2aa3fa467d906cd2c27fa0a2e2952dd7925f5fcc7973fab6d815ef6acb25aad8",
                "sha256:4749f220e4c06ec44eb10de13794ff0508cdc4f8eff656cf49cab2cdb3122c0c",
                "sha256:492084aef23ac2ff3da3729e9d36340bc91a96c2dc8c3a82a1926e384ab52412",
                "sha256:4f87fe087f2ae36c3e20e2b1a29d7f76a28c035372d0a97655f26223d975235a",
                "sha256:6b0d1a6b0a1296f31fa9e4b7ae5ea49394084ecc883b1ae6fec4844403c43468",
                "sha256:700540b68e96a7056d0691d467df2bbaaf0934a3e6fe2383669998cbee19580a",
                "sha256:971cf0a8437dfb4185c3049c086e463612fe849efadc0f5cc153fc81c501da7d",
                "sha256:a93fba62fe79dbf6fc4d5b6d804a6e114b44af3ff3d40a28833ee39f21bd336b",
                "sha256:af3c01e6b20f9e6c07c7d7cdb7f710e49889d3906c9a3e039546ee6636a34b9a",
                "sha256:b8e1c18bb00800425576710468299153caad20c64ddb6819d40a6a34e21ee21c",
                "sha256:c59293b232b53ebb47427f16cf648e937022f489cff36c11d1d8a1f0075b6609",
                "sha256:d7a59cef8f2fa25d12e2c30138f8623acbd43ad2715e730a709e49c5eef8e1b0",
                "sha256:dd52d8a81881804625df88453611175ab7e0099b34f52204da1f6940cf2e83c9",
                "sha256:ea535f74ab6024e7416f93de564e5c81fb7c0964b96280de66f60aeb05f0cf53"
            ],
            "index": "pypi",
            "version": "==2.0.6"
        },
        "cython": {
            "hashes": [
                "sha256:09ac3087ac7a3d489ebcb3fb8402e00c13d1a3a1c6bc73fd3b0d756a3e341e79",
                "sha256:0a142c6b862e6ed6b02209d543062c038c110585b5e32d1ad7c9717af4f07e41",
                "sha256:0d414458cb22f8a90d64260da6dace5d5fcebde43f31be52ca51f818c46db8cb",
                "sha256:10cb3def9774fa99e4583617a5616874aed3255dc241fd1f4a3c2978c78e1c53",
                "sha256:112efa54a58293a4fb0acf0dd8e5b3736e95b595eee24dd88615648e445abe41",
                "sha256:166f9f29cd0058ce1a14a7b3a2458b849ed34b1ec5fd4108af3fdd2c24afcbb0",
                "sha256:2d9e61ed1056a3b6a4b9156b62297ad18b357a7948e57a2f49b061217696567e",
                "sha256:2f41ef7edd76dd23315925e003f0c58c8585f3ab24be6885c4b3f60e77c82746",
                "sha256:37bcfa5df2a3009f49624695d917c3804fccbdfcdc5eda6378754a879711a4d5",
                "sha256:416046a98255eff97ec02077d20ebeaae52682dfca1c35aadf31260442b92514",
                "sha256:4cf4452f0e4d50e11701bca38f3857fe6fa16593e7fd6a4d5f7be66f611b7da2",
                "sha256:55b0ee28c2c8118bfb3ad9b25cf7a6cbd724e442ea96956e32ccd908d5e3e043",
                "sha256:5dd56d0be50073f0e54825a8bc3393852de0eed126339ecbca0ae149dba55cfc",
                "sha256:5fa12ebafc2f688ea6d26ab6d1d2e634a9872509ba7135b902bb0d8b368fb04b",
                "sha256:5fb977945a2111f6b64501fdf7ed0ec162cc502b84457fd648d6a558ea8de0d6",
                "sha256:60c958bcab0ff315b4036a949bed1c65334e1f6a69e17e9966d742febb59043a",
                "sha256:661dbdea519d9cfb288867252b75fef73ffa8e8bb674cec27acf70646afb369b",
                "sha256:6a2cf2ccccc25413864928dfd730c29db6f63eaf98206c1e600003a445ca7f58",
                "sha256:6ade74eece909fd3a437d9a5084829180751d7ade118e281e9824dd75eafaff2",
                "sha256:73ac33a4379056a02031baa4def255717fadb9181b5ac2b244792d53eae1c925",
                "sha256:76cbca0188d278e93d12ebdaf5990678e6e436485fdfad49dbe9b07717d41a3c",
                "sha256:774cb8fd931ee1ba52c472bc1c19077cd6895c1b24014ae07bb27df59aed5ebe",
                "sha256:821c2d416ad7d006b069657ee1034c0e0cb45bdbe9ab6ab631e8c495dfcfa4ac",
                "sha256:84826ec1c11cda56261a252ddecac0c7d6b02e47e81b94f40b27b4c23c29c17c",
                "sha256:854fe2193d3ad4c8b61932ff54d6dbe10c5fa8749eb8958d72cc0ab28243f833",
                "sha256:88dc3c250dec280b0489a83950b15809762e27232f4799b1b8d0bad503f5ab84",
                "sha256:8cb87777e82d1996aef6c146560a19270684271c9c669ba62ac6803b3cd2ff82",
                "sha256:91339ee4b465924a3ea4b2a9cec7f7227bc4cadf673ce859d24c2b9ef60b1214",
                "sha256:9164aeef1af6f837e4fc20402a31d256188ba4d535e262c6cb78caf57ad744f8",
                "sha256:a102cfa795c6b3b81a29bdb9dbec545367cd7f353c03e6f30a056fdfefd92854",
                "sha256:ad43e684ade673565f6f9d6638015112f6c7f11aa2a632167b79014f613f0f5f",
                "sha256:afb521523cb46ddaa8d269b421f88ea2731fee05e65b952b96d4db760f5a2a1c",
                "sha256:b28f92e617f540d3f21f8fd479a9c6491be920ffff672a4c61b7fc4d7f749f39",
                "sha256:bc05de569f811be1fcfde6756c9048ae518f0c4b6d9f8f024752c5365d934cac",
                "sha256:cdf04d07c3600860e8c2ebaad4e8f52ac3feb212453c1764a49ac08c827e8443",
                "sha256:d8d1a087f35e39384303f5e6b75d465d6f29d746d7138eae9d3b6e8e6f769eae",
                "sha256:eb2843f8cc01c645725e6fc690a84e99cdb266ce8ebe427cf3a680ff09f876aa",
                "sha256:f2e9381497b12e8f622af620bde0d1d094035d79b899abb2ddd3a7891f535083",
                "sha256:f96411f0120b5cae483923aaacd2872af8709be4b46522daedc32f051d778385"
            ],
            "index": "pypi",
            "version": "==0.29.24"
        },
        "flake8": {
            "hashes": [
                "sha256:7253265f7abd8b313e3892944044a365e3f4ac3fcdcfb4298f55ee9ddf188ba0",
                "sha256:c7841163e2b576d435799169b78703ad6ac1bbb0f199994fc05f700b2a90ea37"
            ],
            "index": "pypi",
            "version": "==3.5.0"
        },
        "idna": {
            "hashes": [
                "sha256:84d9dd047ffa80596e0f246e2eab0b391788b0503584e8945f2368256d2735ff",
                "sha256:9d643ff0a55b762d5cdb124b8eaa99c66322e2157b69160bc32796e824360e6d"
            ],
            "markers": "python_version >= '3'",
            "version": "==3.3"
        },
        "iniconfig": {
            "hashes": [
                "sha256:011e24c64b7f47f6ebd835bb12a743f2fbe9a26d4cecaa7f53bc4f35ee9da8b3",
                "sha256:bc3af051d7d14b2ee5ef9969666def0cd1a000e121eaea580d4a313df4b37f32"
            ],
            "version": "==1.1.1"
        },
        "jsonschema": {
            "hashes": [
                "sha256:5f9c0a719ca2ce14c5de2fd350a64fd2d13e8539db29836a86adc990bb1a068f",
                "sha256:8d4a2b7b6c2237e0199c8ea1a6d3e05bf118e289ae2b9d7ba444182a2959560d"
            ],
            "index": "pypi",
            "version": "==3.0.2"
        },
        "mccabe": {
            "hashes": [
                "sha256:ab8a6258860da4b6677da4bd2fe5dc2c659cff31b3ee4f7f5d64e79735b80d42",
                "sha256:dd8d182285a0fe56bace7f45b5e7d1a6ebcbf524e8f3bd87eb0f125271b8831f"
            ],
            "version": "==0.6.1"
        },
        "mock": {
            "hashes": [
                "sha256:5ce3c71c5545b472da17b72268978914d0252980348636840bd34a00b5cc96c1",
                "sha256:b158b6df76edd239b8208d481dc46b6afd45a846b7812ff0ce58971cf5bc8bba"
            ],
            "index": "pypi",
            "version": "==2.0.0"
        },
        "murmurhash": {
            "hashes": [
                "sha256:00a5252b569d3f914b5bd0bce72d2efe9c0fb91a9703556ea1b608b141c68f2d",
                "sha256:1431d817e1fff1ed35f8dc54dd5b4d70165ec98076de8aca351805f8037293f3",
                "sha256:2911bc3e8040dfaac536b141539b0351915f1439953f0aa9e957f082cff035a6",
                "sha256:5c7b8cc4a8db1c821b80f8ca70a25c3166b14d68ecef8693a117c6a0b1d74ace",
                "sha256:773411eba268bf524c012e781f4405aacb9ef4edc063d1f6b38bbf06358b988e",
                "sha256:7dc5a79346afa07f14384926c335c0c455226d687d1305b9378264875b450e51",
                "sha256:8de08d145c85bb7ba89cb1b591742e3ef54cede73e35f62752af687a4a1859f7",
                "sha256:90a8e06872015d6f9f66a42669e003a1df8be229defef69cd98546f4cb25546d",
                "sha256:92cd7196974307143ce8e9e9b6e22e0a57abf30bdd5a1effe696b4825677e616",
                "sha256:9d69cc0ffc0ef6d37399b8a0484a44f9877e531ebc164e55105e89738ed52089",
                "sha256:a78d53f047c3410ce4c589d9b47090f628f844ed5694418144e63cfe7f3da7e9",
                "sha256:ab326b172dc470331490bda516d4d6d7578c91445ad83a2a3418ac1b9c5f9f55",
                "sha256:cdd1036688341413e5adef32b3fd58e8b44f24405f394f90129f39ed879e4f24",
                "sha256:de267459d040c96727ba141075d5bc983ec69c6f75b6df1b703e3b5cd7090382",
                "sha256:e40790fdaf65213d70da4ed9229f16f6d6376310dc8fc23eacc98e6151c6ae7e",
                "sha256:f4ef3b26229ff192032a12653d637313e1231d23e788b83a2f4a3d8e2bf2d031"
            ],
            "index": "pypi",
            "version": "==1.0.6"
        },
        "numpy": {
            "hashes": [
                "sha256:0b78ecfa070460104934e2caf51694ccd00f37d5e5dbe76f021b1b0b0d221823",
                "sha256:1247ef28387b7bb7f21caf2dbe4767f4f4175df44d30604d42ad9bd701ebb31f",
                "sha256:1403b4e2181fc72664737d848b60e65150f272fe5a1c1cbc16145ed43884065a",
                "sha256:170b2a0805c6891ca78c1d96ee72e4c3ed1ae0a992c75444b6ab20ff038ba2cd",
                "sha256:2e4ed57f45f0aa38beca2a03b6532e70e548faf2debbeb3291cfc9b315d9be8f",
                "sha256:32fe5b12061f6446adcbb32cf4060a14741f9c21e15aaee59a207b6ce6423469",
                "sha256:34f3456f530ae8b44231c63082c8899fe9c983fd9b108c997c4b1c8c2d435333",
                "sha256:4c9c23158b87ed0e70d9a50c67e5c0b3f75bcf2581a8e34668d4e9d7474d76c6",
                "sha256:5d95668e727c75b3f5088ec7700e260f90ec83f488e4c0aaccb941148b2cd377",
                "sha256:615d4e328af7204c13ae3d4df7615a13ff60a49cb0d9106fde07f541207883ca",
                "sha256:69077388c5a4b997442b843dbdc3a85b420fb693ec8e33020bb24d647c164fa5",
                "sha256:74b85a17528ca60cf98381a5e779fc0264b4a88b46025e6bcbe9621f46bb3e63",
                "sha256:81225e58ef5fce7f1d80399575576fc5febec79a8a2742e8ef86d7b03beef49f",
                "sha256:8890b3360f345e8360133bc078d2dacc2843b6ee6059b568781b15b97acbe39f",
                "sha256:92aafa03da8658609f59f18722b88f0a73a249101169e28415b4fa148caf7e41",
                "sha256:9864424631775b0c052f3bd98bc2712d131b3e2cd95d1c0c68b91709170890b0",
                "sha256:9e6f5f50d1eff2f2f752b3089a118aee1ea0da63d56c44f3865681009b0af162",
                "sha256:a3deb31bc84f2b42584b8c4001c85d1934dbfb4030827110bc36bfd11509b7bf",
                "sha256:ad010846cdffe7ec27e3f933397f8a8d6c801a48634f419e3d075db27acf5880",
                "sha256:b1e2312f5b8843a3e4e8224b2b48fe16119617b8fc0a54df8f50098721b5bed2",
                "sha256:bc988afcea53e6156546e5b2885b7efab089570783d9d82caf1cfd323b0bb3dd",
                "sha256:c449eb870616a7b62e097982c622d2577b3dbc800aaf8689254ec6e0197cbf1e",
                "sha256:c74c699b122918a6c4611285cc2cad4a3aafdb135c22a16ec483340ef97d573c",
                "sha256:c885bfc07f77e8fee3dc879152ba993732601f1f11de248d4f357f0ffea6a6d4",
                "sha256:e3c3e990274444031482a31280bf48674441e0a5b55ddb168f3a6db3e0c38ec8",
                "sha256:e4799be6a2d7d3c33699a6f77201836ac975b2e1b98c2a07f66a38f499cb50ce",
                "sha256:e6c76a87633aa3fa16614b61ccedfae45b91df2767cf097aa9c933932a7ed1e0",
                "sha256:e89717274b41ebd568cd7943fc9418eeb49b1785b66031bc8a7f6300463c5898",
                "sha256:f5162ec777ba7138906c9c274353ece5603646c6965570d82905546579573f73",
                "sha256:fde96af889262e85aa033f8ee1d3241e32bf36228318a61f1ace579df4e8170d"
            ],
            "index": "pypi",
            "version": "==1.21.4"
        },
        "packaging": {
            "hashes": [
                "sha256:dd47c42927d89ab911e606518907cc2d3a1f38bbd026385970643f9c5b8ecfeb",
                "sha256:ef103e05f519cdc783ae24ea4e2e0f508a9c99b2d4969652eed6a2e1ea5bd522"
            ],
            "version": "==21.3"
        },
        "pathlib": {
            "hashes": [
                "sha256:6940718dfc3eff4258203ad5021090933e5c04707d5ca8cc9e73c94a7894ea9f"
            ],
            "index": "pypi",
            "version": "==1.0.1"
        },
        "pbr": {
            "hashes": [
                "sha256:176e8560eaf61e127817ef93d8a844803abb27a4d4637f0ff3bb783129be2e0a",
                "sha256:672d8ebee84921862110f23fcec2acea191ef58543d34dfe9ef3d9f13c31cddf"
            ],
            "version": "==5.8.0"
        },
        "plac": {
            "hashes": [
                "sha256:398cb947c60c4c25e275e1f1dadf027e7096858fb260b8ece3b33bcff90d985f",
                "sha256:487e553017d419f35add346c4c09707e52fa53f7e7181ce1098ca27620e9ceee"
            ],
            "index": "pypi",
            "version": "==1.1.3"
        },
        "pluggy": {
            "hashes": [
                "sha256:4224373bacce55f955a878bf9cfa763c1e360858e330072059e10bad68531159",
                "sha256:74134bbf457f031a36d68416e1509f34bd5ccc019f0bcc952c7b909d06b37bd3"
            ],
            "version": "==1.0.0"
        },
        "preshed": {
            "hashes": [
                "sha256:3af09f4cfcdaca085fd87dac8107617c4e2bb0ad1458f953841b71e9728287f5",
                "sha256:58661bea8d0d63a648588511407285e43d43627e27f836e30819801fb3c75d70",
                "sha256:5f99837e7353ce1fa81f0074d4b15f36e0af5af60a2a54d4d11e13cb09768a9e",
                "sha256:61b2ea656cb1c38d544cc774f1c2ad1cdab23167b46b35310a7e211d4ba9c6d0",
                "sha256:66a71ced487516cf81fd0431a3a843514262ae2f33e9a7688b87562258fa75d5",
                "sha256:6c98f725d8478f3ade4ab1ea00f50a92d2d9406d37276bc46fd8bab1d47452c4",
                "sha256:87e1add41b7f6236a3ccc34788f47ab8682bc28e8a2d369089062e274494c1a0",
                "sha256:8c60a400babfc5b25ba371fda7041be227f7c625e1fb7a43329c2c08fe00a53b",
                "sha256:92a8f49d17a63537a8beed48a049b62ef168ca07e0042a5b2bcdf178a1fb5d48",
                "sha256:a279c138ad1d5be02547b1545254929588414b01571fe637016367f6a1aa11de",
                "sha256:cfe1495fcfc7f479de840ddc4f426dbb55351e218ae5c8712c1269183a4d0060",
                "sha256:e03ae3eee961106a517fcd827b5a7c51f7317236b3e665c989054ab8dc381d28",
                "sha256:ea8aa9610837e907e8442e79300df0a861bfdb4dcaf026a5d9642a688ad04815",
                "sha256:eaffbc71fdb8625f9aac4fe7e19e20bf318d1421ea05903bebe3e6ffef27b587",
                "sha256:f92e752a868ea2690e1b38c4b775251a145e0fce36b9bdd972539e8271b7a23a",
                "sha256:fb3b7588a3a0f2f2f1bf3fe403361b2b031212b73a37025aea1df7215af3772a"
            ],
            "index": "pypi",
            "version": "==3.0.6"
        },
        "py": {
            "hashes": [
                "sha256:51c75c4126074b472f746a24399ad32f6053d1b34b68d2fa41e558e6f4a98719",
                "sha256:607c53218732647dff4acdfcd50cb62615cedf612e72d1724fb1a0cc6405b378"
            ],
            "version": "==1.11.0"
        },
        "pycodestyle": {
            "hashes": [
                "sha256:682256a5b318149ca0d2a9185d365d8864a768a28db66a84a2ea946bcc426766",
                "sha256:6c4245ade1edfad79c3446fadfc96b0de2759662dc29d07d80a6f27ad1ca6ba9"
            ],
            "version": "==2.3.1"
        },
        "pyflakes": {
            "hashes": [
                "sha256:08bd6a50edf8cffa9fa09a463063c425ecaaf10d1eb0335a7e8b1401aef89e6f",
                "sha256:8d616a382f243dbf19b54743f280b80198be0bca3a5396f1d2e1fca6223e8805"
            ],
            "version": "==1.6.0"
        },
        "pyparsing": {
            "hashes": [
                "sha256:04ff808a5b90911829c55c4e26f75fa5ca8a2f5f36aa3a51f68e27033341d3e4",
                "sha256:d9bdec0013ef1eb5a84ab39a3b3868911598afa494f5faa038647101504e2b81"
            ],
            "version": "==3.0.6"
        },
        "pyrsistent": {
            "hashes": [
                "sha256:097b96f129dd36a8c9e33594e7ebb151b1515eb52cceb08474c10a5479e799f2",
                "sha256:2aaf19dc8ce517a8653746d98e962ef480ff34b6bc563fc067be6401ffb457c7",
                "sha256:404e1f1d254d314d55adb8d87f4f465c8693d6f902f67eb6ef5b4526dc58e6ea",
                "sha256:48578680353f41dca1ca3dc48629fb77dfc745128b56fc01096b2530c13fd426",
                "sha256:4916c10896721e472ee12c95cdc2891ce5890898d2f9907b1b4ae0f53588b710",
                "sha256:527be2bfa8dc80f6f8ddd65242ba476a6c4fb4e3aedbf281dfbac1b1ed4165b1",
                "sha256:58a70d93fb79dc585b21f9d72487b929a6fe58da0754fa4cb9f279bb92369396",
                "sha256:5e4395bbf841693eaebaa5bb5c8f5cdbb1d139e07c975c682ec4e4f8126e03d2",
                "sha256:6b5eed00e597b5b5773b4ca30bd48a5774ef1e96f2a45d105db5b4ebb4bca680",
                "sha256:73ff61b1411e3fb0ba144b8f08d6749749775fe89688093e1efef9839d2dcc35",
                "sha256:772e94c2c6864f2cd2ffbe58bb3bdefbe2a32afa0acb1a77e472aac831f83427",
                "sha256:773c781216f8c2900b42a7b638d5b517bb134ae1acbebe4d1e8f1f41ea60eb4b",
                "sha256:a0c772d791c38bbc77be659af29bb14c38ced151433592e326361610250c605b",
                "sha256:b29b869cf58412ca5738d23691e96d8aff535e17390128a1a52717c9a109da4f",
                "sha256:c1a9ff320fa699337e05edcaae79ef8c2880b52720bc031b219e5b5008ebbdef",
                "sha256:cd3caef37a415fd0dae6148a1b6957a8c5f275a62cca02e18474608cb263640c",
                "sha256:d5ec194c9c573aafaceebf05fc400656722793dac57f254cd4741f3c27ae57b4",
                "sha256:da6e5e818d18459fa46fac0a4a4e543507fe1110e808101277c5a2b5bab0cd2d",
                "sha256:e79d94ca58fcafef6395f6352383fa1a76922268fa02caa2272fff501c2fdc78",
                "sha256:f3ef98d7b76da5eb19c37fda834d50262ff9167c65658d1d8f974d2e4d90676b",
                "sha256:f4c8cabb46ff8e5d61f56a037974228e978f26bfefce4f61a4b1ac0ba7a2ab72"
            ],
            "version": "==0.18.0"
        },
        "pytest": {
            "hashes": [
                "sha256:131b36680866a76e6781d13f101efb86cf674ebb9762eb70d3082b6f29889e89",
                "sha256:7310f8d27bc79ced999e760ca304d69f6ba6c6649c0b60fb0e04a4a77cacc134"
            ],
            "index": "pypi",
            "version": "==6.2.5"
        },
        "pytest-timeout": {
            "hashes": [
                "sha256:20b3113cf6e4e80ce2d403b6fb56e9e1b871b510259206d40ff8d609f48bda76",
                "sha256:541d7aa19b9a6b4e475c759fd6073ef43d7cdc9a92d95644c260076eb257a063"
            ],
            "index": "pypi",
            "version": "==1.4.2"
        },
        "requests": {
            "hashes": [
                "sha256:6c1246513ecd5ecd4528a0906f910e8f0f9c6b8ec72030dc9fd154dc1a6efd24",
                "sha256:b8aa58f8cf793ffd8782d3d8cb19e66ef36f7aba4353eec859e74678b01b07a7"
            ],
            "index": "pypi",
            "version": "==2.26.0"
        },
        "six": {
            "hashes": [
                "sha256:1e61c37477a1626458e36f7b1d82aa5c9b094fa4802892072e49de9c60c4c926",
                "sha256:8abb2f1d86890a2dfb989f9a77cfcfd3e47c2a354b01111771326f8aa26e0254"
            ],
            "version": "==1.16.0"
        },
        "srsly": {
            "hashes": [
                "sha256:11447f8e659e1f62f29302252fb057f179031457b36c83426027182f624fe565",
                "sha256:23c7205b8c1cac49a03521bee37f0afe3680d9f0ec18c75ab3ac39bd3e15272b",
                "sha256:2615b8713dfe793ca57925076b0869385d56754816b1eaee5490a6827a1cb5c7",
                "sha256:334f29435099e644a8047b63d60b8386a98b5f7b4739f7efc86b46ca0200aa0e",
                "sha256:4c43a1f28e555891a1e65650adea2c5d0f0fe4b3d63821de65c8357f32c3a11c",
                "sha256:779ebfaa3cf1d5c0f1286ac1baf06af5f2a17bb103622992c71acc6ac20b2781",
                "sha256:8fc4c0641537262e15c7b5b57edc47487b15ac47b696adcb81e0a770ef78e8f5",
                "sha256:a1449da4195e30a3bd1fd3122e5b1a0c57703843c590643555c412fc87132aa0",
                "sha256:a2746afccfd4f51f0793cccc2b6d5e8a564c962870feec5c77408244c1dbb3c5",
                "sha256:a696e9c925e91f76ec53840c55483a4fbf76cb717424410a4f249d4805439038",
                "sha256:b5b887328ac6e210842560fcf32a29c2a9c1ed38c6d47479cadc03d81940da8c",
                "sha256:d3dd796372367c71946d0cd6f734e49db3d99dd13a57bdac937d9eb62689fc9e",
                "sha256:fd5e1e01f5fd0f532a6f3977bb74facc42f1b7155402ee3d06c07a73e83e3c47"
            ],
            "index": "pypi",
            "version": "==1.0.5"
        },
        "thinc": {
            "hashes": [
                "sha256:1dbaec0628040a1f8d66147fadbf7775ad6dfe4c681424b2e20479c1e54dc3c1",
                "sha256:20b6ed4a8112342b433b9b3ca23b59322d07e32a9232d3cca19b0353e213eadb",
                "sha256:30790a1a496a8a84fe300edf50df50454dbdb625b41b203739fbc03112a4d3b6",
                "sha256:56b67887930df87c28af2cc4d046c6bc3e80ed4ff3e57208a4fb7a348d12a580",
                "sha256:650fbead603bd7e73a61fd2c1b69202ad7a8eb70d4ebe7c5484b8788e828b6e0",
                "sha256:713adad69c108dbdc145276d077c4a80f3df31a39b3fc574782dcb64b1def815",
                "sha256:801f32f6c048de7e9f6d406342080e6348d0bb02beb1412811f9150a26661691",
                "sha256:8833246f1c8b95143c91e310728bf64af8972a9d8653252efa1b4c9036837569",
                "sha256:93cb9d184115a8890321dd7f5d94a0d8235dc2fca54d92a9c1c051234a7af43e",
                "sha256:abe0d00cbb2cc831f4462e41f97aeb754b275a723a1335cdce7ac9224001d567",
                "sha256:bad16bcc608ec4d74c680d85aa9bf43cfc776ac12ca3b7e699d7283fd0177bca",
                "sha256:ce81d6b2372057e10f9d7cb505942df67a803f270d69959d44d372e8e3792bb9",
                "sha256:f19a36cdfdbef75109f505313c16a7b154b9bbf83dd177e9ddd43430dc523bb0"
            ],
            "index": "pypi",
            "version": "==7.3.1"
        },
        "toml": {
            "hashes": [
                "sha256:806143ae5bfb6a3c6e736a764057db0e6a0e05e338b5630894a5f779cabb4f9b",
                "sha256:b3bda1d108d5dd99f4a20d24d9c348e91c4db7ab1b749200bded2f839ccbe68f"
            ],
            "version": "==0.10.2"
        },
        "tqdm": {
            "hashes": [
                "sha256:8dd278a422499cd6b727e6ae4061c40b48fce8b76d1ccbf5d34fca9b7f925b0c",
                "sha256:d359de7217506c9851b7869f3708d8ee53ed70a1b8edbba4dbcb47442592920d"
            ],
            "version": "==4.62.3"
        },
        "urllib3": {
            "hashes": [
                "sha256:4987c65554f7a2dbf30c18fd48778ef124af6fab771a377103da0585e2336ece",
                "sha256:c4fdf4019605b6e5423637e01bc9fe4daef873709a7973e195ceba0a62bbc844"
            ],
            "version": "==1.26.7"
        },
        "wasabi": {
            "hashes": [
                "sha256:a493e09d86109ec6d9e70d040472f9facc44634d4ae6327182f94091ca73a490",
                "sha256:b4a36aaa9ca3a151f0c558f269d442afbb3526f0160fd541acd8a0d5e5712054"
            ],
            "index": "pypi",
            "version": "==0.8.2"
        }
    },
    "develop": {}
}
